
Microsoft Visual Studio Solution File, Format Version 12.00
# Visual Studio Version 16
VisualStudioVersion = 16.0.29709.97
MinimumVisualStudioVersion = 10.0.40219.1
Project("{FAE04EC0-301F-11D3-BF4B-00C04F79EFBC}") = "DonVo.AngularIoT.AdminDashboard", "DonVo.AngularIoT.AdminDashboard\DonVo.AngularIoT.AdminDashboard.csproj", "{C44E10A6-E34E-4BFB-B795-68D7C440E642}"
EndProject
Global
	GlobalSection(SolutionConfigurationPlatforms) = preSolution
		Debug|Any CPU = Debug|Any CPU
		Release|Any CPU = Release|Any CPU
	EndGlobalSection
	GlobalSection(ProjectConfigurationPlatforms) = postSolution
		{C44E10A6-E34E-4BFB-B795-68D7C440E642}.Debug|Any CPU.ActiveCfg = Debug|Any CPU
		{C44E10A6-E34E-4BFB-B795-68D7C440E642}.Debug|Any CPU.Build.0 = Debug|Any CPU
		{C44E10A6-E34E-4BFB-B795-68D7C440E642}.Release|Any CPU.ActiveCfg = Release|Any CPU
		{C44E10A6-E34E-4BFB-B795-68D7C440E642}.Release|Any CPU.Build.0 = Release|Any CPU
	EndGlobalSection
	GlobalSection(SolutionProperties) = preSolution
		HideSolutionNode = FALSE
	EndGlobalSection
	GlobalSection(ExtensibilityGlobals) = postSolution
		SolutionGuid = {B3792731-4B69-4009-8C65-53B331D99154}
	EndGlobalSection
EndGlobal
